{
  "name": "NBA_WebApp",
  "lockfileVersion": 2,
  "requires": true,
  "packages": {
    "": {
      "dependencies": {
        "chart.js": "^3.5.1",
        "chartist-plugin-axistitle": "^0.0.7",
        "jquery": "^3.6.0"
      }
    },
    "node_modules/chart.js": {
      "version": "3.5.1",
      "resolved": "https://registry.npmjs.org/chart.js/-/chart.js-3.5.1.tgz",
      "integrity": "sha512-m5kzt72I1WQ9LILwQC4syla/LD/N413RYv2Dx2nnTkRS9iv/ey1xLTt0DnPc/eWV4zI+BgEgDYBIzbQhZHc/PQ=="
    },
    "node_modules/chartist-plugin-axistitle": {
      "version": "0.0.7",
      "resolved": "https://registry.npmjs.org/chartist-plugin-axistitle/-/chartist-plugin-axistitle-0.0.7.tgz",
      "integrity": "sha512-qFG7R/qiZZyCn/gx9WJpMcnyhE0LIpGBxDnPpYtzY5cG53fHBkvJDsAEHEFFfO1l/RHI0G8oN9fpoUD/BMeiFA==",
      "engines": {
        "node": ">=0.8.0"
      }
    },
    "node_modules/jquery": {
      "version": "3.6.0",
      "resolved": "https://registry.npmjs.org/jquery/-/jquery-3.6.0.tgz",
      "integrity": "sha512-JVzAR/AjBvVt2BmYhxRCSYysDsPcssdmTFnzyLEts9qNwmjmu4JTAMYubEfwVOSwpQ1I1sKKFcxhZCI2buerfw=="
    }
  },
  "dependencies": {
    "chart.js": {
      "version": "3.5.1",
      "resolved": "https://registry.npmjs.org/chart.js/-/chart.js-3.5.1.tgz",
      "integrity": "sha512-m5kzt72I1WQ9LILwQC4syla/LD/N413RYv2Dx2nnTkRS9iv/ey1xLTt0DnPc/eWV4zI+BgEgDYBIzbQhZHc/PQ=="
    },
    "chartist-plugin-axistitle": {
      "version": "0.0.7",
      "resolved": "https://registry.npmjs.org/chartist-plugin-axistitle/-/chartist-plugin-axistitle-0.0.7.tgz",
      "integrity": "sha512-qFG7R/qiZZyCn/gx9WJpMcnyhE0LIpGBxDnPpYtzY5cG53fHBkvJDsAEHEFFfO1l/RHI0G8oN9fpoUD/BMeiFA=="
    },
    "jquery": {
      "version": "3.6.0",
      "resolved": "https://registry.npmjs.org/jquery/-/jquery-3.6.0.tgz",
      "integrity": "sha512-JVzAR/AjBvVt2BmYhxRCSYysDsPcssdmTFnzyLEts9qNwmjmu4JTAMYubEfwVOSwpQ1I1sKKFcxhZCI2buerfw=="
    }
  }
}
